
Microsoft Visual Studio Solution File, Format Version 12.00
# Visual Studio 14
VisualStudioVersion = 14.0.25420.1
MinimumVisualStudioVersion = 10.0.40219.1
Project("{FAE04EC0-301F-11D3-BF4B-00C04F79EFBC}") = "Rydo.Framework.MediatR", "Rydo.Framework.MediatR\Rydo.Framework.MediatR.csproj", "{33088B3F-13CC-4D94-93DF-F14DE71F23E1}"
EndProject
Project("{FAE04EC0-301F-11D3-BF4B-00C04F79EFBC}") = "Rydo.Framework.Dominio", "Rydo.Framework.Dominio\Rydo.Framework.Dominio.csproj", "{E1E66090-195F-44C0-B805-5F103ED0DBCF}"
EndProject
Project("{2150E333-8FDC-42A3-9474-1A3956D46DE8}") = "Solution Items", "Solution Items", "{3021E40B-60A0-4C74-A6DF-6D47AB053AD9}"
	ProjectSection(SolutionItems) = preProject
		build.ps1 = build.ps1
		nuget.config = nuget.config
	EndProjectSection
EndProject
Project("{FAE04EC0-301F-11D3-BF4B-00C04F79EFBC}") = "ConsoleApplication", "ConsoleApplication\ConsoleApplication.csproj", "{CEF34EBC-E914-42F6-A784-9D926528AFBC}"
EndProject
Global
	GlobalSection(SolutionConfigurationPlatforms) = preSolution
		Debug|Any CPU = Debug|Any CPU
		Release|Any CPU = Release|Any CPU
	EndGlobalSection
	GlobalSection(ProjectConfigurationPlatforms) = postSolution
		{33088B3F-13CC-4D94-93DF-F14DE71F23E1}.Debug|Any CPU.ActiveCfg = Debug|Any CPU
		{33088B3F-13CC-4D94-93DF-F14DE71F23E1}.Debug|Any CPU.Build.0 = Debug|Any CPU
		{33088B3F-13CC-4D94-93DF-F14DE71F23E1}.Release|Any CPU.ActiveCfg = Release|Any CPU
		{33088B3F-13CC-4D94-93DF-F14DE71F23E1}.Release|Any CPU.Build.0 = Release|Any CPU
		{E1E66090-195F-44C0-B805-5F103ED0DBCF}.Debug|Any CPU.ActiveCfg = Debug|Any CPU
		{E1E66090-195F-44C0-B805-5F103ED0DBCF}.Debug|Any CPU.Build.0 = Debug|Any CPU
		{E1E66090-195F-44C0-B805-5F103ED0DBCF}.Release|Any CPU.ActiveCfg = Release|Any CPU
		{E1E66090-195F-44C0-B805-5F103ED0DBCF}.Release|Any CPU.Build.0 = Release|Any CPU
		{CEF34EBC-E914-42F6-A784-9D926528AFBC}.Debug|Any CPU.ActiveCfg = Debug|Any CPU
		{CEF34EBC-E914-42F6-A784-9D926528AFBC}.Debug|Any CPU.Build.0 = Debug|Any CPU
		{CEF34EBC-E914-42F6-A784-9D926528AFBC}.Release|Any CPU.ActiveCfg = Release|Any CPU
		{CEF34EBC-E914-42F6-A784-9D926528AFBC}.Release|Any CPU.Build.0 = Release|Any CPU
	EndGlobalSection
	GlobalSection(SolutionProperties) = preSolution
		HideSolutionNode = FALSE
	EndGlobalSection
EndGlobal
